{
  "name": "iris-zed",
  "lockfileVersion": 3,
  "requires": true,
  "packages": {
    "": {
      "name": "iris-zed",
      "devDependencies": {
        "tree-sitter-cli": "^0.26.3",
        "web-tree-sitter": "^0.24.3"
      }
    },
    "node_modules/tree-sitter-cli": {
      "version": "0.26.3",
      "resolved": "https://registry.npmjs.org/tree-sitter-cli/-/tree-sitter-cli-0.26.3.tgz",
      "integrity": "sha512-1VHpmjnTsYJk03HDqzLGn9dmJaLsJ7YeGsnnSudC6XOZu5oasz0GEVOIVCTe6hA01YZJgHd1XGO6XJZe0Sj7tw==",
      "dev": true,
      "hasInstallScript": true,
      "license": "MIT",
      "bin": {
        "tree-sitter": "cli.js"
      },
      "engines": {
        "node": ">=12.0.0"
      }
    },
    "node_modules/web-tree-sitter": {
      "version": "0.24.7",
      "resolved": "https://registry.npmjs.org/web-tree-sitter/-/web-tree-sitter-0.24.7.tgz",
      "integrity": "sha512-CdC/TqVFbXqR+C51v38hv6wOPatKEUGxa39scAeFSm98wIhZxAYonhRQPSMmfZ2w7JDI0zQDdzdmgtNk06/krQ==",
      "dev": true,
      "license": "MIT"
    }
  }
}
